// !$*UTF8*$!
{
	archiveVersion = 1;
	classes = {
	};
	objectVersion = 56;
	objects = {

/* Begin PBXBuildFile section */
		565F2C7828F6E9F300D0E039 /* SinglePhoto.swift in Sources */ = {isa = PBXBuildFile; fileRef = 565F2C7728F6E9F300D0E039 /* SinglePhoto.swift */; };
		565F2C7A28F7D04A00D0E039 /* FooterReusableView.swift in Sources */ = {isa = PBXBuildFile; fileRef = 565F2C7928F7D04A00D0E039 /* FooterReusableView.swift */; };
		56D4B04F28F5783C00AA6961 /* AppDelegate.swift in Sources */ = {isa = PBXBuildFile; fileRef = 56D4B04E28F5783C00AA6961 /* AppDelegate.swift */; };
		56D4B05128F5783C00AA6961 /* SceneDelegate.swift in Sources */ = {isa = PBXBuildFile; fileRef = 56D4B05028F5783C00AA6961 /* SceneDelegate.swift */; };
		56D4B05328F5783C00AA6961 /* ViewController.swift in Sources */ = {isa = PBXBuildFile; fileRef = 56D4B05228F5783C00AA6961 /* ViewController.swift */; };
		56D4B05828F5783D00AA6961 /* Assets.xcassets in Resources */ = {isa = PBXBuildFile; fileRef = 56D4B05728F5783D00AA6961 /* Assets.xcassets */; };
		56D4B05B28F5783D00AA6961 /* LaunchScreen.storyboard in Resources */ = {isa = PBXBuildFile; fileRef = 56D4B05928F5783D00AA6961 /* LaunchScreen.storyboard */; };
		56D4B06328F57A5400AA6961 /* ImageCell.swift in Sources */ = {isa = PBXBuildFile; fileRef = 56D4B06228F57A5400AA6961 /* ImageCell.swift */; };
/* End PBXBuildFile section */

/* Begin PBXFileReference section */
		565F2C7728F6E9F300D0E039 /* SinglePhoto.swift */ = {isa = PBXFileReference; lastKnownFileType = sourcecode.swift; path = SinglePhoto.swift; sourceTree = "<group>"; };
		565F2C7928F7D04A00D0E039 /* FooterReusableView.swift */ = {isa = PBXFileReference; lastKnownFileType = sourcecode.swift; path = FooterReusableView.swift; sourceTree = "<group>"; };
		56D4B04B28F5783C00AA6961 /* RandomPhotos.app */ = {isa = PBXFileReference; explicitFileType = wrapper.application; includeInIndex = 0; path = RandomPhotos.app; sourceTree = BUILT_PRODUCTS_DIR; };
		56D4B04E28F5783C00AA6961 /* AppDelegate.swift */ = {isa = PBXFileReference; lastKnownFileType = sourcecode.swift; path = AppDelegate.swift; sourceTree = "<group>"; };
		56D4B05028F5783C00AA6961 /* SceneDelegate.swift */ = {isa = PBXFileReference; lastKnownFileType = sourcecode.swift; path = SceneDelegate.swift; sourceTree = "<group>"; };
		56D4B05228F5783C00AA6961 /* ViewController.swift */ = {isa = PBXFileReference; lastKnownFileType = sourcecode.swift; path = ViewController.swift; sourceTree = "<group>"; };
		56D4B05728F5783D00AA6961 /* Assets.xcassets */ = {isa = PBXFileReference; lastKnownFileType = folder.assetcatalog; path = Assets.xcassets; sourceTree = "<group>"; };
		56D4B05A28F5783D00AA6961 /* Base */ = {isa = PBXFileReference; lastKnownFileType = file.storyboard; name = Base; path = Base.lproj/LaunchScreen.storyboard; sourceTree = "<group>"; };
		56D4B05C28F5783D00AA6961 /* Info.plist */ = {isa = PBXFileReference; lastKnownFileType = text.plist.xml; path = Info.plist; sourceTree = "<group>"; };
		56D4B06228F57A5400AA6961 /* ImageCell.swift */ = {isa = PBXFileReference; lastKnownFileType = sourcecode.swift; path = ImageCell.swift; sourceTree = "<group>"; };
/* End PBXFileReference section */

/* Begin PBXFrameworksBuildPhase section */
		56D4B04828F5783C00AA6961 /* Frameworks */ = {
			isa = PBXFrameworksBuildPhase;
			buildActionMask = 2147483647;
			files = (
			);
			runOnlyForDeploymentPostprocessing = 0;
		};
/* End PBXFrameworksBuildPhase section */

/* Begin PBXGroup section */
		56D4B04228F5783C00AA6961 = {
			isa = PBXGroup;
			children = (
				56D4B04D28F5783C00AA6961 /* RandomPhotos */,
				56D4B04C28F5783C00AA6961 /* Products */,
			);
			sourceTree = "<group>";
		};
		56D4B04C28F5783C00AA6961 /* Products */ = {
			isa = PBXGroup;
			children = (
				56D4B04B28F5783C00AA6961 /* RandomPhotos.app */,
			);
			name = Products;
			sourceTree = "<group>";
		};
		56D4B04D28F5783C00AA6961 /* RandomPhotos */ = {
			isa = PBXGroup;
			children = (
				56D4B04E28F5783C00AA6961 /* AppDelegate.swift */,
				56D4B05028F5783C00AA6961 /* SceneDelegate.swift */,
				56D4B05228F5783C00AA6961 /* ViewController.swift */,
				56D4B06228F57A5400AA6961 /* ImageCell.swift */,
				56D4B05728F5783D00AA6961 /* Assets.xcassets */,
				56D4B05928F5783D00AA6961 /* LaunchScreen.storyboard */,
				56D4B05C28F5783D00AA6961 /* Info.plist */,
				565F2C7728F6E9F300D0E039 /* SinglePhoto.swift */,
				565F2C7928F7D04A00D0E039 /* FooterReusableView.swift */,
			);
			path = RandomPhotos;
			sourceTree = "<group>";
		};
/* End PBXGroup section */

/* Begin PBXNativeTarget section */
		56D4B04A28F5783C00AA6961 /* RandomPhotos */ = {
			isa = PBXNativeTarget;
			buildConfigurationList = 56D4B05F28F5783D00AA6961 /* Build configuration list for PBXNativeTarget "RandomPhotos" */;
			buildPhases = (
				56D4B04728F5783C00AA6961 /* Sources */,
				56D4B04828F5783C00AA6961 /* Frameworks */,
				56D4B04928F5783C00AA6961 /* Resources */,
			);
			buildRules = (
			);
			dependencies = (
			);
			name = RandomPhotos;
			productName = RandomPhotos;
			productReference = 56D4B04B28F5783C00AA6961 /* RandomPhotos.app */;
			productType = "com.apple.product-type.application";
		};
/* End PBXNativeTarget section */

/* Begin PBXProject section */
		56D4B04328F5783C00AA6961 /* Project object */ = {
			isa = PBXProject;
			attributes = {
				BuildIndependentTargetsInParallel = 1;
				LastSwiftUpdateCheck = 1400;
				LastUpgradeCheck = 1400;
				TargetAttributes = {
					56D4B04A28F5783C00AA6961 = {
						CreatedOnToolsVersion = 14.0.1;
					};
				};
			};
			buildConfigurationList = 56D4B04628F5783C00AA6961 /* Build configuration list for PBXProject "RandomPhotos" */;
			compatibilityVersion = "Xcode 14.0";
			developmentRegion = en;
			hasScannedForEncodings = 0;
			knownRegions = (
				en,
				Base,
			);
			mainGroup = 56D4B04228F5783C00AA6961;
			productRefGroup = 56D4B04C28F5783C00AA6961 /* Products */;
			projectDirPath = "";
			projectRoot = "";
			targets = (
				56D4B04A28F5783C00AA6961 /* RandomPhotos */,
			);
		};
/* End PBXProject section */

/* Begin PBXResourcesBuildPhase section */
		56D4B04928F5783C00AA6961 /* Resources */ = {
			isa = PBXResourcesBuildPhase;
			buildActionMask = 2147483647;
			files = (
				56D4B05B28F5783D00AA6961 /* LaunchScreen.storyboard in Resources */,
				56D4B05828F5783D00AA6961 /* Assets.xcassets in Resources */,
			);
			runOnlyForDeploymentPostprocessing = 0;
		};
/* End PBXResourcesBuildPhase section */

/* Begin PBXSourcesBuildPhase section */
		56D4B04728F5783C00AA6961 /* Sources */ = {
			isa = PBXSourcesBuildPhase;
			buildActionMask = 2147483647;
			files = (
				56D4B05328F5783C00AA6961 /* ViewController.swift in Sources */,
				56D4B06328F57A5400AA6961 /* ImageCell.swift in Sources */,
				565F2C7A28F7D04A00D0E039 /* FooterReusableView.swift in Sources */,
				56D4B04F28F5783C00AA6961 /* AppDelegate.swift in Sources */,
				565F2C7828F6E9F300D0E039 /* SinglePhoto.swift in Sources */,
				56D4B05128F5783C00AA6961 /* SceneDelegate.swift in Sources */,
			);
			runOnlyForDeploymentPostprocessing = 0;
		};
/* End PBXSourcesBuildPhase section */

/* Begin PBXVariantGroup section */
		56D4B05928F5783D00AA6961 /* LaunchScreen.storyboard */ = {
			isa = PBXVariantGroup;
			children = (
				56D4B05A28F5783D00AA6961 /* Base */,
			);
			name = LaunchScreen.storyboard;
			sourceTree = "<group>";
		};
/* End PBXVariantGroup section */

/* Begin XCBuildConfiguration section */
		56D4B05D28F5783D00AA6961 /* Debug */ = {
			isa = XCBuildConfiguration;
			buildSettings = {
				ALWAYS_SEARCH_USER_PATHS = NO;
				CLANG_ANALYZER_NONNULL = YES;
				CLANG_ANALYZER_NUMBER_OBJECT_CONVERSION = YES_AGGRESSIVE;
				CLANG_CXX_LANGUAGE_STANDARD = "gnu++20";
				CLANG_ENABLE_MODULES = YES;
				CLANG_ENABLE_OBJC_ARC = YES;
				CLANG_ENABLE_OBJC_WEAK = YES;
				CLANG_WARN_BLOCK_CAPTURE_AUTORELEASING = YES;
				CLANG_WARN_BOOL_CONVERSION = YES;
				CLANG_WARN_COMMA = YES;
				CLANG_WARN_CONSTANT_CONVERSION = YES;
				CLANG_WARN_DEPRECATED_OBJC_IMPLEMENTATIONS = YES;
				CLANG_WARN_DIRECT_OBJC_ISA_USAGE = YES_ERROR;
				CLANG_WARN_DOCUMENTATION_COMMENTS = YES;
				CLANG_WARN_EMPTY_BODY = YES;
				CLANG_WARN_ENUM_CONVERSION = YES;
				CLANG_WARN_INFINITE_RECURSION = YES;
				CLANG_WARN_INT_CONVERSION = YES;
				CLANG_WARN_NON_LITERAL_NULL_CONVERSION = YES;
				CLANG_WARN_OBJC_IMPLICIT_RETAIN_SELF = YES;
				CLANG_WARN_OBJC_LITERAL_CONVERSION = YES;
				CLANG_WARN_OBJC_ROOT_CLASS = YES_ERROR;
				CLANG_WARN_QUOTED_INCLUDE_IN_FRAMEWORK_HEADER = YES;
				CLANG_WARN_RANGE_LOOP_ANALYSIS = YES;
				CLANG_WARN_STRICT_PROTOTYPES = YES;
				CLANG_WARN_SUSPICIOUS_MOVE = YES;
				CLANG_WARN_UNGUARDED_AVAILABILITY = YES_AGGRESSIVE;
				CLANG_WARN_UNREACHABLE_CODE = YES;
				CLANG_WARN__DUPLICATE_METHOD_MATCH = YES;
				COPY_PHASE_STRIP = NO;
				DEBUG_INFORMATION_FORMAT = dwarf;
				ENABLE_STRICT_OBJC_MSGSEND = YES;
				ENABLE_TESTABILITY = YES;
				GCC_C_LANGUAGE_STANDARD = gnu11;
				GCC_DYNAMIC_NO_PIC = NO;
				GCC_NO_COMMON_BLOCKS = YES;
				GCC_OPTIMIZATION_LEVEL = 0;
				GCC_PREPROCESSOR_DEFINITIONS = (
					"DEBUG=1",
					"$(inherited)",
				);
				GCC_WARN_64_TO_32_BIT_CONVERSION = YES;
				GCC_WARN_ABOUT_RETURN_TYPE = YES_ERROR;
				GCC_WARN_UNDECLARED_SELECTOR = YES;
				GCC_WARN_UNINITIALIZED_AUTOS = YES_AGGRESSIVE;
				GCC_WARN_UNUSED_FUNCTION = YES;
				GCC_WARN_UNUSED_VARIABLE = YES;
				IPHONEOS_DEPLOYMENT_TARGET = 16.0;
				MTL_ENABLE_DEBUG_INFO = INCLUDE_SOURCE;
				MTL_FAST_MATH = YES;
				ONLY_ACTIVE_ARCH = YES;
				SDKROOT = iphoneos;
				SWIFT_ACTIVE_COMPILATION_CONDITIONS = DEBUG;
				SWIFT_OPTIMIZATION_LEVEL = "-Onone";
			};
			name = Debug;
		};
		56D4B05E28F5783D00AA6961 /* Release */ = {
			isa = XCBuildConfiguration;
			buildSettings = {
				ALWAYS_SEARCH_USER_PATHS = NO;
				CLANG_ANALYZER_NONNULL = YES;
				CLANG_ANALYZER_NUMBER_OBJECT_CONVERSION = YES_AGGRESSIVE;
				CLANG_CXX_LANGUAGE_STANDARD = "gnu++20";
				CLANG_ENABLE_MODULES = YES;
				CLANG_ENABLE_OBJC_ARC = YES;
				CLANG_ENABLE_OBJC_WEAK = YES;
				CLANG_WARN_BLOCK_CAPTURE_AUTORELEASING = YES;
				CLANG_WARN_BOOL_CONVERSION = YES;
				CLANG_WARN_COMMA = YES;
				CLANG_WARN_CONSTANT_CONVERSION = YES;
				CLANG_WARN_DEPRECATED_OBJC_IMPLEMENTATIONS = YES;
				CLANG_WARN_DIRECT_OBJC_ISA_USAGE = YES_ERROR;
				CLANG_WARN_DOCUMENTATION_COMMENTS = YES;
				CLANG_WARN_EMPTY_BODY = YES;
				CLANG_WARN_ENUM_CONVERSION = YES;
				CLANG_WARN_INFINITE_RECURSION = YES;
				CLANG_WARN_INT_CONVERSION = YES;
				CLANG_WARN_NON_LITERAL_NULL_CONVERSION = YES;
				CLANG_WARN_OBJC_IMPLICIT_RETAIN_SELF = YES;
				CLANG_WARN_OBJC_LITERAL_CONVERSION = YES;
				CLANG_WARN_OBJC_ROOT_CLASS = YES_ERROR;
				CLANG_WARN_QUOTED_INCLUDE_IN_FRAMEWORK_HEADER = YES;
				CLANG_WARN_RANGE_LOOP_ANALYSIS = YES;
				CLANG_WARN_STRICT_PROTOTYPES = YES;
				CLANG_WARN_SUSPICIOUS_MOVE = YES;
				CLANG_WARN_UNGUARDED_AVAILABILITY = YES_AGGRESSIVE;
				CLANG_WARN_UNREACHABLE_CODE = YES;
				CLANG_WARN__DUPLICATE_METHOD_MATCH = YES;
				COPY_PHASE_STRIP = NO;
				DEBUG_INFORMATION_FORMAT = "dwarf-with-dsym";
				ENABLE_NS_ASSERTIONS = NO;
				ENABLE_STRICT_OBJC_MSGSEND = YES;
				GCC_C_LANGUAGE_STANDARD = gnu11;
				GCC_NO_COMMON_BLOCKS = YES;
				GCC_WARN_64_TO_32_BIT_CONVERSION = YES;
				GCC_WARN_ABOUT_RETURN_TYPE = YES_ERROR;
				GCC_WARN_UNDECLARED_SELECTOR = YES;
				GCC_WARN_UNINITIALIZED_AUTOS = YES_AGGRESSIVE;
				GCC_WARN_UNUSED_FUNCTION = YES;
				GCC_WARN_UNUSED_VARIABLE = YES;
				IPHONEOS_DEPLOYMENT_TARGET = 16.0;
				MTL_ENABLE_DEBUG_INFO = NO;
				MTL_FAST_MATH = YES;
				SDKROOT = iphoneos;
				SWIFT_COMPILATION_MODE = wholemodule;
				SWIFT_OPTIMIZATION_LEVEL = "-O";
				VALIDATE_PRODUCT = YES;
			};
			name = Release;
		};
		56D4B06028F5783D00AA6961 /* Debug */ = {
			isa = XCBuildConfiguration;
			buildSettings = {
				ASSETCATALOG_COMPILER_APPICON_NAME = AppIcon;
				ASSETCATALOG_COMPILER_GLOBAL_ACCENT_COLOR_NAME = AccentColor;
				CODE_SIGN_STYLE = Automatic;
				CURRENT_PROJECT_VERSION = 1;
				DEVELOPMENT_TEAM = AHB8JPHHN3;
				GENERATE_INFOPLIST_FILE = YES;
				INFOPLIST_FILE = RandomPhotos/Info.plist;
				INFOPLIST_KEY_UIApplicationSupportsIndirectInputEvents = YES;
				INFOPLIST_KEY_UILaunchStoryboardName = LaunchScreen;
				INFOPLIST_KEY_UIMainStoryboardFile = Main;
				INFOPLIST_KEY_UISupportedInterfaceOrientations_iPad = "UIInterfaceOrientationPortrait UIInterfaceOrientationPortraitUpsideDown UIInterfaceOrientationLandscapeLeft UIInterfaceOrientationLandscapeRight";
				INFOPLIST_KEY_UISupportedInterfaceOrientations_iPhone = "UIInterfaceOrientationPortrait UIInterfaceOrientationLandscapeLeft UIInterfaceOrientationLandscapeRight";
				LD_RUNPATH_SEARCH_PATHS = (
					"$(inherited)",
					"@executable_path/Frameworks",
				);
				MARKETING_VERSION = 1.0;
				PRODUCT_BUNDLE_IDENTIFIER = com.agarwalsaurabh.RandomPhotos;
				PRODUCT_NAME = "$(TARGET_NAME)";
				SWIFT_EMIT_LOC_STRINGS = YES;
				SWIFT_VERSION = 5.0;
				TARGETED_DEVICE_FAMILY = "1,2";
			};
			name = Debug;
		};
		56D4B06128F5783D00AA6961 /* Release */ = {
			isa = XCBuildConfiguration;
			buildSettings = {
				ASSETCATALOG_COMPILER_APPICON_NAME = AppIcon;
				ASSETCATALOG_COMPILER_GLOBAL_ACCENT_COLOR_NAME = AccentColor;
				CODE_SIGN_STYLE = Automatic;
				CURRENT_PROJECT_VERSION = 1;
				DEVELOPMENT_TEAM = AHB8JPHHN3;
				GENERATE_INFOPLIST_FILE = YES;
				INFOPLIST_FILE = RandomPhotos/Info.plist;
				INFOPLIST_KEY_UIApplicationSupportsIndirectInputEvents = YES;
				INFOPLIST_KEY_UILaunchStoryboardName = LaunchScreen;
				INFOPLIST_KEY_UIMainStoryboardFile = Main;
				INFOPLIST_KEY_UISupportedInterfaceOrientations_iPad = "UIInterfaceOrientationPortrait UIInterfaceOrientationPortraitUpsideDown UIInterfaceOrientationLandscapeLeft UIInterfaceOrientationLandscapeRight";
				INFOPLIST_KEY_UISupportedInterfaceOrientations_iPhone = "UIInterfaceOrientationPortrait UIInterfaceOrientationLandscapeLeft UIInterfaceOrientationLandscapeRight";
				LD_RUNPATH_SEARCH_PATHS = (
					"$(inherited)",
					"@executable_path/Frameworks",
				);
				MARKETING_VERSION = 1.0;
				PRODUCT_BUNDLE_IDENTIFIER = com.agarwalsaurabh.RandomPhotos;
				PRODUCT_NAME = "$(TARGET_NAME)";
				SWIFT_EMIT_LOC_STRINGS = YES;
				SWIFT_VERSION = 5.0;
				TARGETED_DEVICE_FAMILY = "1,2";
			};
			name = Release;
		};
/* End XCBuildConfiguration section */

/* Begin XCConfigurationList section */
		56D4B04628F5783C00AA6961 /* Build configuration list for PBXProject "RandomPhotos" */ = {
			isa = XCConfigurationList;
			buildConfigurations = (
				56D4B05D28F5783D00AA6961 /* Debug */,
				56D4B05E28F5783D00AA6961 /* Release */,
			);
			defaultConfigurationIsVisible = 0;
			defaultConfigurationName = Release;
		};
		56D4B05F28F5783D00AA6961 /* Build configuration list for PBXNativeTarget "RandomPhotos" */ = {
			isa = XCConfigurationList;
			buildConfigurations = (
				56D4B06028F5783D00AA6961 /* Debug */,
				56D4B06128F5783D00AA6961 /* Release */,
			);
			defaultConfigurationIsVisible = 0;
			defaultConfigurationName = Release;
		};
/* End XCConfigurationList section */
	};
	rootObject = 56D4B04328F5783C00AA6961 /* Project object */;
}
